{
	"name": "swagger.ts",
	"version": "1.0.23",
	"lockfileVersion": 1,
	"requires": true,
	"dependencies": {
		"@cspotcode/source-map-consumer": {
			"version": "0.8.0",
			"resolved": "https://registry.npmjs.org/@cspotcode/source-map-consumer/-/source-map-consumer-0.8.0.tgz",
			"integrity": "sha512-41qniHzTU8yAGbCp04ohlmSrZf8bkf/iJsl3V0dRGsQN/5GFfx+LbCSsCpp2gqrqjTVg/K6O8ycoV35JIwAzAg==",
			"dev": true
		},
		"@cspotcode/source-map-support": {
			"version": "0.7.0",
			"resolved": "https://registry.npmjs.org/@cspotcode/source-map-support/-/source-map-support-0.7.0.tgz",
			"integrity": "sha512-X4xqRHqN8ACt2aHVe51OxeA2HjbcL4MqFqXkrmQszJ1NOUuUu5u6Vqx/0lZSVNku7velL5FC/s5uEAj1lsBMhA==",
			"dev": true,
			"requires": {
				"@cspotcode/source-map-consumer": "0.8.0"
			}
		},
		"@tsconfig/node10": {
			"version": "1.0.8",
			"resolved": "https://registry.npmjs.org/@tsconfig/node10/-/node10-1.0.8.tgz",
			"integrity": "sha512-6XFfSQmMgq0CFLY1MslA/CPUfhIL919M1rMsa5lP2P097N2Wd1sSX0tx1u4olM16fLNhtHZpRhedZJphNJqmZg==",
			"dev": true
		},
		"@tsconfig/node12": {
			"version": "1.0.9",
			"resolved": "https://registry.npmjs.org/@tsconfig/node12/-/node12-1.0.9.tgz",
			"integrity": "sha512-/yBMcem+fbvhSREH+s14YJi18sp7J9jpuhYByADT2rypfajMZZN4WQ6zBGgBKp53NKmqI36wFYDb3yaMPurITw==",
			"dev": true
		},
		"@tsconfig/node14": {
			"version": "1.0.1",
			"resolved": "https://registry.npmjs.org/@tsconfig/node14/-/node14-1.0.1.tgz",
			"integrity": "sha512-509r2+yARFfHHE7T6Puu2jjkoycftovhXRqW328PDXTVGKihlb1P8Z9mMZH04ebyajfRY7dedfGynlrFHJUQCg==",
			"dev": true
		},
		"@tsconfig/node16": {
			"version": "1.0.2",
			"resolved": "https://registry.npmjs.org/@tsconfig/node16/-/node16-1.0.2.tgz",
			"integrity": "sha512-eZxlbI8GZscaGS7kkc/trHTT5xgrjH3/1n2JDwusC9iahPKWMRvRjJSAN5mCXviuTGQ/lHnhvv8Q1YTpnfz9gA==",
			"dev": true
		},
		"@types/node": {
			"version": "12.20.42",
			"resolved": "https://registry.npmjs.org/@types/node/-/node-12.20.42.tgz",
			"integrity": "sha512-aI3/oo5DzyiI5R/xAhxxRzfZlWlsbbqdgxfTPkqu/Zt+23GXiJvMCyPJT4+xKSXOnLqoL8jJYMLTwvK2M3a5hw==",
			"dev": true
		},
		"acorn": {
			"version": "8.7.0",
			"resolved": "https://registry.npmjs.org/acorn/-/acorn-8.7.0.tgz",
			"integrity": "sha512-V/LGr1APy+PXIwKebEWrkZPwoeoF+w1jiOBUmuxuiUIaOHtob8Qc9BTrYo7VuI5fR8tqsy+buA2WFooR5olqvQ==",
			"dev": true
		},
		"acorn-walk": {
			"version": "8.2.0",
			"resolved": "https://registry.npmjs.org/acorn-walk/-/acorn-walk-8.2.0.tgz",
			"integrity": "sha512-k+iyHEuPgSw6SbuDpGQM+06HQUa04DZ3o+F6CSzXMvvI5KMvnaEqXe+YVe555R9nn6GPt404fos4wcgpw12SDA==",
			"dev": true
		},
		"arg": {
			"version": "4.1.3",
			"resolved": "https://registry.npmjs.org/arg/-/arg-4.1.3.tgz",
			"integrity": "sha512-58S9QDqG0Xx27YwPSt9fJxivjYl432YCwfDMfZ+71RAqUrZef7LrKQZ3LHLOwCS4FLNBplP533Zx895SeOCHvA==",
			"dev": true
		},
		"clone.util": {
			"version": "git+https://git@github.com/anzerr/clone.util.git#6b3f65e279fea1da1055fcd0d4f2fc1e80238b92",
			"from": "git+https://git@github.com/anzerr/clone.util.git",
			"requires": {
				"type.util": "git+https://git@github.com/anzerr/type.util.git"
			},
			"dependencies": {
				"type.util": {
					"version": "git+https://git@github.com/anzerr/type.util.git#3a38e81dd05b028469f2c570dfc67090b951ef2c",
					"from": "git+https://git@github.com/anzerr/type.util.git"
				}
			}
		},
		"create-require": {
			"version": "1.1.1",
			"resolved": "https://registry.npmjs.org/create-require/-/create-require-1.1.1.tgz",
			"integrity": "sha512-dcKFX3jn0MpIaXjisoRvexIJVEKzaq7z2rZKxf+MSr9TkdmHmsU4m2lcLojrj/FHl8mk5VxMmYA+ftRkP/3oKQ==",
			"dev": true
		},
		"diff": {
			"version": "4.0.2",
			"resolved": "https://registry.npmjs.org/diff/-/diff-4.0.2.tgz",
			"integrity": "sha512-58lmxKSA4BNyLz+HHMUzlOEpg09FV+ev6ZMe3vJihgdxzgcwZ8VoEEPmALCZG9LmqfVoNMMKpttIYTVG6uDY7A==",
			"dev": true
		},
		"form.pipe": {
			"version": "git+https://git@github.com/anzerr/form.pipe.git#c571ce63b0bb19ff1179b933a4e4de6d6beee6bb",
			"from": "git+https://git@github.com/anzerr/form.pipe.git",
			"dev": true
		},
		"fs.promisify": {
			"version": "git+https://git@github.com/anzerr/fs.promisify.git#b218e55d2bc34a81f08efe3f7ef9d6e72e716546",
			"from": "git+https://git@github.com/anzerr/fs.promisify.git",
			"dev": true
		},
		"fs.remove": {
			"version": "git+https://git@github.com/anzerr/fs.remove.git#a98a1495440780c7fee9743aa0da3191267204ae",
			"from": "git+https://git@github.com/anzerr/fs.remove.git",
			"dev": true,
			"requires": {
				"fs.promisify": "git+https://git@github.com/anzerr/fs.promisify.git",
				"promise.util": "git+https://git@github.com/anzerr/promise.util.git"
			}
		},
		"http.server": {
			"version": "git+https://git@github.com/anzerr/http.server.git#7452103c7f06ce8f79f1380ae0802f1e5c929d25",
			"from": "git+https://git@github.com/anzerr/http.server.git",
			"requires": {
				"clone.util": "git+https://git@github.com/anzerr/clone.util.git",
				"mime.util": "git+https://git@github.com/anzerr/mime.util.git",
				"type.util": "git+https://git@github.com/anzerr/type.util.git"
			},
			"dependencies": {
				"type.util": {
					"version": "git+https://git@github.com/anzerr/type.util.git#3a38e81dd05b028469f2c570dfc67090b951ef2c",
					"from": "git+https://git@github.com/anzerr/type.util.git"
				}
			}
		},
		"http.ts": {
			"version": "git+https://git@github.com/anzerr/http.ts.git#54218609ed3eddad7e44a8c72eefde643ffc1338",
			"from": "git+https://git@github.com/anzerr/http.ts.git",
			"requires": {
				"http.server": "git+https://git@github.com/anzerr/http.server.git",
				"inject.ts": "git+https://git@github.com/anzerr/inject.ts.git",
				"reflect-metadata": "^0.1.13",
				"type.util": "git+https://git@github.com/anzerr/type.util.git"
			},
			"dependencies": {
				"type.util": {
					"version": "git+https://git@github.com/anzerr/type.util.git#3a38e81dd05b028469f2c570dfc67090b951ef2c",
					"from": "git+https://git@github.com/anzerr/type.util.git"
				}
			}
		},
		"inject.ts": {
			"version": "git+https://git@github.com/anzerr/inject.ts.git#c40dfd72a7687b043f85dcacbe1529182bb4e5d4",
			"from": "git+https://git@github.com/anzerr/inject.ts.git",
			"requires": {
				"reflect-metadata": "^0.1.13",
				"type.util": "git+https://git@github.com/anzerr/type.util.git"
			},
			"dependencies": {
				"type.util": {
					"version": "git+https://git@github.com/anzerr/type.util.git#3a38e81dd05b028469f2c570dfc67090b951ef2c",
					"from": "git+https://git@github.com/anzerr/type.util.git"
				}
			}
		},
		"make-error": {
			"version": "1.3.6",
			"resolved": "https://registry.npmjs.org/make-error/-/make-error-1.3.6.tgz",
			"integrity": "sha512-s8UhlNe7vPKomQhC1qFelMokr/Sc3AgNbso3n74mVPA5LTZwkB9NlXf4XPamLxJE8h0gh73rM94xvwRT2CVInw==",
			"dev": true
		},
		"mime.util": {
			"version": "git+https://git@github.com/anzerr/mime.util.git#1443d8955bd6572b2b0fd018061fc76e18021492",
			"from": "git+https://git@github.com/anzerr/mime.util.git"
		},
		"promise.util": {
			"version": "git+https://git@github.com/anzerr/promise.util.git#fdd8a6877b03b2c18fcc52fae124ba2e39697871",
			"from": "git+https://git@github.com/anzerr/promise.util.git",
			"dev": true,
			"requires": {
				"type.util": "git+https://github.com/anzerr/type.util.git"
			}
		},
		"reflect-metadata": {
			"version": "0.1.13",
			"resolved": "https://registry.npmjs.org/reflect-metadata/-/reflect-metadata-0.1.13.tgz",
			"integrity": "sha512-Ts1Y/anZELhSsjMcU605fU9RE4Oi3p5ORujwbIKXfWa+0Zxs510Qrmrce5/Jowq3cHSZSJqBjypxmHarc+vEWg=="
		},
		"ts-node": {
			"version": "10.4.0",
			"resolved": "https://registry.npmjs.org/ts-node/-/ts-node-10.4.0.tgz",
			"integrity": "sha512-g0FlPvvCXSIO1JDF6S232P5jPYqBkRL9qly81ZgAOSU7rwI0stphCgd2kLiCrU9DjQCrJMWEqcNSjQL02s6d8A==",
			"dev": true,
			"requires": {
				"@cspotcode/source-map-support": "0.7.0",
				"@tsconfig/node10": "^1.0.7",
				"@tsconfig/node12": "^1.0.7",
				"@tsconfig/node14": "^1.0.0",
				"@tsconfig/node16": "^1.0.2",
				"acorn": "^8.4.1",
				"acorn-walk": "^8.1.1",
				"arg": "^4.1.0",
				"create-require": "^1.1.0",
				"diff": "^4.0.1",
				"make-error": "^1.1.1",
				"yn": "3.1.1"
			}
		},
		"type.util": {
			"version": "git+https://github.com/anzerr/type.util.git#3a38e81dd05b028469f2c570dfc67090b951ef2c",
			"from": "git+https://github.com/anzerr/type.util.git"
		},
		"typescript": {
			"version": "4.5.5",
			"resolved": "https://registry.npmjs.org/typescript/-/typescript-4.5.5.tgz",
			"integrity": "sha512-TCTIul70LyWe6IJWT8QSYeA54WQe8EjQFU4wY52Fasj5UKx88LNYKCgBEHcOMOrFF1rKGbD8v/xcNWVUq9SymA==",
			"dev": true
		},
		"yn": {
			"version": "3.1.1",
			"resolved": "https://registry.npmjs.org/yn/-/yn-3.1.1.tgz",
			"integrity": "sha512-Ux4ygGWsu2c7isFWe8Yu1YluJmqVhxqK2cLXNQA5AcC3QfbGNpM7fu0Y8b/z16pXLnFxZYvWhd3fhBY9DLmC6Q==",
			"dev": true
		}
	}
}
